// !$*UTF8*$!
{
	archiveVersion = 1;
	classes = {
	};
	objectVersion = 50;
	objects = {

/* Begin PBXFileReference section */
		F50F7245223E2A2B00C4927C /* 001.TowSum.playground */ = {isa = PBXFileReference; lastKnownFileType = file.playground; path = 001.TowSum.playground; sourceTree = "<group>"; xcLanguageSpecificationIdentifier = xcode.lang.swift; };
		F50F7246223E6ACF00C4927C /* 002.AddTwoNumbers.playground */ = {isa = PBXFileReference; lastKnownFileType = file.playground; path = 002.AddTwoNumbers.playground; sourceTree = "<group>"; xcLanguageSpecificationIdentifier = xcode.lang.swift; };
		F585318F2241328D00A72627 /* 003.LongestSubString.playground */ = {isa = PBXFileReference; lastKnownFileType = file.playground; path = 003.LongestSubString.playground; sourceTree = "<group>"; xcLanguageSpecificationIdentifier = xcode.lang.swift; };
		F58531902242425E00A72627 /* 004.MedianOfTwoArrays.playground */ = {isa = PBXFileReference; lastKnownFileType = file.playground; path = 004.MedianOfTwoArrays.playground; sourceTree = "<group>"; xcLanguageSpecificationIdentifier = xcode.lang.swift; };
/* End PBXFileReference section */

/* Begin PBXGroup section */
		F50F723C223E261200C4927C = {
			isa = PBXGroup;
			children = (
				F50F7244223E2A2B00C4927C /* playgrounds */,
			);
			sourceTree = "<group>";
		};
		F50F7244223E2A2B00C4927C /* playgrounds */ = {
			isa = PBXGroup;
			children = (
				F50F7245223E2A2B00C4927C /* 001.TowSum.playground */,
				F50F7246223E6ACF00C4927C /* 002.AddTwoNumbers.playground */,
				F585318F2241328D00A72627 /* 003.LongestSubString.playground */,
				F58531902242425E00A72627 /* 004.MedianOfTwoArrays.playground */,
			);
			path = playgrounds;
			sourceTree = "<group>";
		};
/* End PBXGroup section */

/* Begin PBXProject section */
		F50F723D223E261200C4927C /* Project object */ = {
			isa = PBXProject;
			attributes = {
				LastUpgradeCheck = 1010;
			};
			buildConfigurationList = F50F7240223E261200C4927C /* Build configuration list for PBXProject "LeetCode.swift" */;
			compatibilityVersion = "Xcode 9.3";
			developmentRegion = en;
			hasScannedForEncodings = 0;
			knownRegions = (
				en,
			);
			mainGroup = F50F723C223E261200C4927C;
			projectDirPath = "";
			projectRoot = "";
			targets = (
			);
		};
/* End PBXProject section */

/* Begin XCBuildConfiguration section */
		F50F7241223E261200C4927C /* Debug */ = {
			isa = XCBuildConfiguration;
			buildSettings = {
			};
			name = Debug;
		};
		F50F7242223E261200C4927C /* Release */ = {
			isa = XCBuildConfiguration;
			buildSettings = {
			};
			name = Release;
		};
/* End XCBuildConfiguration section */

/* Begin XCConfigurationList section */
		F50F7240223E261200C4927C /* Build configuration list for PBXProject "LeetCode.swift" */ = {
			isa = XCConfigurationList;
			buildConfigurations = (
				F50F7241223E261200C4927C /* Debug */,
				F50F7242223E261200C4927C /* Release */,
			);
			defaultConfigurationIsVisible = 0;
			defaultConfigurationName = Release;
		};
/* End XCConfigurationList section */
	};
	rootObject = F50F723D223E261200C4927C /* Project object */;
}
